
Microsoft Visual Studio Solution File, Format Version 12.00
# Visual Studio Version 16
VisualStudioVersion = 16.0.29306.81
MinimumVisualStudioVersion = 10.0.40219.1
Project("{FAE04EC0-301F-11D3-BF4B-00C04F79EFBC}") = "Nestedforloop", "Nestedforloop.csproj", "{AC3CD01A-70EF-4853-9585-23D1FCE92F42}"
EndProject
Global
	GlobalSection(SolutionConfigurationPlatforms) = preSolution
		Debug|Any CPU = Debug|Any CPU
		Release|Any CPU = Release|Any CPU
	EndGlobalSection
	GlobalSection(ProjectConfigurationPlatforms) = postSolution
		{AC3CD01A-70EF-4853-9585-23D1FCE92F42}.Debug|Any CPU.ActiveCfg = Debug|Any CPU
		{AC3CD01A-70EF-4853-9585-23D1FCE92F42}.Debug|Any CPU.Build.0 = Debug|Any CPU
		{AC3CD01A-70EF-4853-9585-23D1FCE92F42}.Release|Any CPU.ActiveCfg = Release|Any CPU
		{AC3CD01A-70EF-4853-9585-23D1FCE92F42}.Release|Any CPU.Build.0 = Release|Any CPU
	EndGlobalSection
	GlobalSection(SolutionProperties) = preSolution
		HideSolutionNode = FALSE
	EndGlobalSection
	GlobalSection(ExtensibilityGlobals) = postSolution
		SolutionGuid = {FEBAF4AA-2FAC-4E26-ACC6-E4D5A74CD183}
	EndGlobalSection
EndGlobal
