
Microsoft Visual Studio Solution File, Format Version 12.00
# Visual Studio Version 16
VisualStudioVersion = 16.0.29409.12
MinimumVisualStudioVersion = 10.0.40219.1
Project("{FAE04EC0-301F-11D3-BF4B-00C04F79EFBC}") = "Power of words", "Power of words.csproj", "{EF28233E-DCFD-4328-BF30-92827FF0A59C}"
EndProject
Global
	GlobalSection(SolutionConfigurationPlatforms) = preSolution
		Debug|Any CPU = Debug|Any CPU
		Release|Any CPU = Release|Any CPU
	EndGlobalSection
	GlobalSection(ProjectConfigurationPlatforms) = postSolution
		{EF28233E-DCFD-4328-BF30-92827FF0A59C}.Debug|Any CPU.ActiveCfg = Debug|Any CPU
		{EF28233E-DCFD-4328-BF30-92827FF0A59C}.Debug|Any CPU.Build.0 = Debug|Any CPU
		{EF28233E-DCFD-4328-BF30-92827FF0A59C}.Release|Any CPU.ActiveCfg = Release|Any CPU
		{EF28233E-DCFD-4328-BF30-92827FF0A59C}.Release|Any CPU.Build.0 = Release|Any CPU
	EndGlobalSection
	GlobalSection(SolutionProperties) = preSolution
		HideSolutionNode = FALSE
	EndGlobalSection
	GlobalSection(ExtensibilityGlobals) = postSolution
		SolutionGuid = {C4D107A2-E364-4CD3-A933-D680F4FE7594}
	EndGlobalSection
EndGlobal
