
Microsoft Visual Studio Solution File, Format Version 12.00
# Visual Studio Version 16
VisualStudioVersion = 16.0.29306.81
MinimumVisualStudioVersion = 10.0.40219.1
Project("{FAE04EC0-301F-11D3-BF4B-00C04F79EFBC}") = "heloo jOhn", "heloo jOhn.csproj", "{7B47CDE0-9CEA-4808-8923-64308227196C}"
EndProject
Global
	GlobalSection(SolutionConfigurationPlatforms) = preSolution
		Debug|Any CPU = Debug|Any CPU
		Release|Any CPU = Release|Any CPU
	EndGlobalSection
	GlobalSection(ProjectConfigurationPlatforms) = postSolution
		{7B47CDE0-9CEA-4808-8923-64308227196C}.Debug|Any CPU.ActiveCfg = Debug|Any CPU
		{7B47CDE0-9CEA-4808-8923-64308227196C}.Debug|Any CPU.Build.0 = Debug|Any CPU
		{7B47CDE0-9CEA-4808-8923-64308227196C}.Release|Any CPU.ActiveCfg = Release|Any CPU
		{7B47CDE0-9CEA-4808-8923-64308227196C}.Release|Any CPU.Build.0 = Release|Any CPU
	EndGlobalSection
	GlobalSection(SolutionProperties) = preSolution
		HideSolutionNode = FALSE
	EndGlobalSection
	GlobalSection(ExtensibilityGlobals) = postSolution
		SolutionGuid = {49D3C324-B3CA-44CA-BA05-6B333030F36E}
	EndGlobalSection
EndGlobal
