
Microsoft Visual Studio Solution File, Format Version 12.00
# Visual Studio Version 16
VisualStudioVersion = 16.0.29306.81
MinimumVisualStudioVersion = 10.0.40219.1
Project("{FAE04EC0-301F-11D3-BF4B-00C04F79EFBC}") = "Trimabegat", "Trimabegat.csproj", "{EA604C94-0367-4477-B720-3BD3055C1694}"
EndProject
Global
	GlobalSection(SolutionConfigurationPlatforms) = preSolution
		Debug|Any CPU = Debug|Any CPU
		Release|Any CPU = Release|Any CPU
	EndGlobalSection
	GlobalSection(ProjectConfigurationPlatforms) = postSolution
		{EA604C94-0367-4477-B720-3BD3055C1694}.Debug|Any CPU.ActiveCfg = Debug|Any CPU
		{EA604C94-0367-4477-B720-3BD3055C1694}.Debug|Any CPU.Build.0 = Debug|Any CPU
		{EA604C94-0367-4477-B720-3BD3055C1694}.Release|Any CPU.ActiveCfg = Release|Any CPU
		{EA604C94-0367-4477-B720-3BD3055C1694}.Release|Any CPU.Build.0 = Release|Any CPU
	EndGlobalSection
	GlobalSection(SolutionProperties) = preSolution
		HideSolutionNode = FALSE
	EndGlobalSection
	GlobalSection(ExtensibilityGlobals) = postSolution
		SolutionGuid = {DCFDE46D-C9EC-4480-BDD4-D2259D36D96B}
	EndGlobalSection
EndGlobal
